
Microsoft Visual Studio Solution File, Format Version 12.00
# Visual Studio Version 17
VisualStudioVersion = 17.1.32421.90
MinimumVisualStudioVersion = 10.0.40219.1
Project("{FAE04EC0-301F-11D3-BF4B-00C04F79EFBC}") = "GCodeObjectClass", "GCodeObjectClass.csproj", "{7B2E50DA-A12F-4170-99E8-768B79864AEC}"
EndProject
Global
	GlobalSection(SolutionConfigurationPlatforms) = preSolution
		Debug|Any CPU = Debug|Any CPU
		Release|Any CPU = Release|Any CPU
	EndGlobalSection
	GlobalSection(ProjectConfigurationPlatforms) = postSolution
		{7B2E50DA-A12F-4170-99E8-768B79864AEC}.Debug|Any CPU.ActiveCfg = Debug|Any CPU
		{7B2E50DA-A12F-4170-99E8-768B79864AEC}.Debug|Any CPU.Build.0 = Debug|Any CPU
		{7B2E50DA-A12F-4170-99E8-768B79864AEC}.Release|Any CPU.ActiveCfg = Release|Any CPU
		{7B2E50DA-A12F-4170-99E8-768B79864AEC}.Release|Any CPU.Build.0 = Release|Any CPU
	EndGlobalSection
	GlobalSection(SolutionProperties) = preSolution
		HideSolutionNode = FALSE
	EndGlobalSection
	GlobalSection(ExtensibilityGlobals) = postSolution
		SolutionGuid = {EC6CC49A-B24B-4EAF-9C5F-204732124684}
	EndGlobalSection
EndGlobal
